// !$*UTF8*$!
{
	archiveVersion = 1;
	classes = {
	};
	objectVersion = 46;
	objects = {

/* Begin PBXBuildFile section */
		59C5A1ABF7D340762104ED9B /* libPods.a in Frameworks */ = {isa = PBXBuildFile; fileRef = 338D13E152C53B2C5F2F2D2B /* libPods.a */; };
		897EE1FB1CA9882C005F85FA /* main.m in Sources */ = {isa = PBXBuildFile; fileRef = 897EE1FA1CA9882C005F85FA /* main.m */; };
		897EE1FE1CA9882C005F85FA /* AppDelegate.m in Sources */ = {isa = PBXBuildFile; fileRef = 897EE1FD1CA9882C005F85FA /* AppDelegate.m */; };
		897EE2041CA9882C005F85FA /* Main.storyboard in Resources */ = {isa = PBXBuildFile; fileRef = 897EE2021CA9882C005F85FA /* Main.storyboard */; };
		897EE2071CA9882C005F85FA /* StackOverflowClone.xcdatamodeld in Sources */ = {isa = PBXBuildFile; fileRef = 897EE2051CA9882C005F85FA /* StackOverflowClone.xcdatamodeld */; };
		897EE2091CA9882C005F85FA /* Assets.xcassets in Resources */ = {isa = PBXBuildFile; fileRef = 897EE2081CA9882C005F85FA /* Assets.xcassets */; };
		897EE20C1CA9882C005F85FA /* LaunchScreen.storyboard in Resources */ = {isa = PBXBuildFile; fileRef = 897EE20A1CA9882C005F85FA /* LaunchScreen.storyboard */; };
		897EE2151CA98849005F85FA /* OAuthViewController.m in Sources */ = {isa = PBXBuildFile; fileRef = 897EE2141CA98849005F85FA /* OAuthViewController.m */; };
		897EE2181CA9A0DC005F85FA /* QuestionSearchViewController.m in Sources */ = {isa = PBXBuildFile; fileRef = 897EE2171CA9A0DC005F85FA /* QuestionSearchViewController.m */; };
		897EE21B1CA9A0ED005F85FA /* UserSearchViewController.m in Sources */ = {isa = PBXBuildFile; fileRef = 897EE21A1CA9A0ED005F85FA /* UserSearchViewController.m */; };
		897EE21E1CA9A1DD005F85FA /* MenuViewController.m in Sources */ = {isa = PBXBuildFile; fileRef = 897EE21D1CA9A1DD005F85FA /* MenuViewController.m */; };
		897EE2211CA9A273005F85FA /* BurgerContainerController.m in Sources */ = {isa = PBXBuildFile; fileRef = 897EE2201CA9A273005F85FA /* BurgerContainerController.m */; };
		897EE2251CAAF07D005F85FA /* User.m in Sources */ = {isa = PBXBuildFile; fileRef = 897EE2241CAAF07D005F85FA /* User.m */; };
		897EE2281CAAF1E2005F85FA /* Question.m in Sources */ = {isa = PBXBuildFile; fileRef = 897EE2271CAAF1E2005F85FA /* Question.m */; };
		897EE22B1CAAF366005F85FA /* APIService.m in Sources */ = {isa = PBXBuildFile; fileRef = 897EE22A1CAAF366005F85FA /* APIService.m */; };
		897EE22E1CAAF55F005F85FA /* StackOverflowService.m in Sources */ = {isa = PBXBuildFile; fileRef = 897EE22D1CAAF55F005F85FA /* StackOverflowService.m */; };
		897EE2321CAB0A5F005F85FA /* JSONParser.m in Sources */ = {isa = PBXBuildFile; fileRef = 897EE2311CAB0A5F005F85FA /* JSONParser.m */; };
/* End PBXBuildFile section */

/* Begin PBXFileReference section */
		338D13E152C53B2C5F2F2D2B /* libPods.a */ = {isa = PBXFileReference; explicitFileType = archive.ar; includeInIndex = 0; path = libPods.a; sourceTree = BUILT_PRODUCTS_DIR; };
		897EE1F61CA9882B005F85FA /* StackOverflowClone.app */ = {isa = PBXFileReference; explicitFileType = wrapper.application; includeInIndex = 0; path = StackOverflowClone.app; sourceTree = BUILT_PRODUCTS_DIR; };
		897EE1FA1CA9882C005F85FA /* main.m */ = {isa = PBXFileReference; lastKnownFileType = sourcecode.c.objc; path = main.m; sourceTree = "<group>"; };
		897EE1FC1CA9882C005F85FA /* AppDelegate.h */ = {isa = PBXFileReference; lastKnownFileType = sourcecode.c.h; path = AppDelegate.h; sourceTree = "<group>"; };
		897EE1FD1CA9882C005F85FA /* AppDelegate.m */ = {isa = PBXFileReference; lastKnownFileType = sourcecode.c.objc; path = AppDelegate.m; sourceTree = "<group>"; };
		897EE2031CA9882C005F85FA /* Base */ = {isa = PBXFileReference; lastKnownFileType = file.storyboard; name = Base; path = Base.lproj/Main.storyboard; sourceTree = "<group>"; };
		897EE2061CA9882C005F85FA /* StackOverflowClone.xcdatamodel */ = {isa = PBXFileReference; lastKnownFileType = wrapper.xcdatamodel; path = StackOverflowClone.xcdatamodel; sourceTree = "<group>"; };
		897EE2081CA9882C005F85FA /* Assets.xcassets */ = {isa = PBXFileReference; lastKnownFileType = folder.assetcatalog; path = Assets.xcassets; sourceTree = "<group>"; };
		897EE20B1CA9882C005F85FA /* Base */ = {isa = PBXFileReference; lastKnownFileType = file.storyboard; name = Base; path = Base.lproj/LaunchScreen.storyboard; sourceTree = "<group>"; };
		897EE20D1CA9882C005F85FA /* Info.plist */ = {isa = PBXFileReference; lastKnownFileType = text.plist.xml; path = Info.plist; sourceTree = "<group>"; };
		897EE2131CA98849005F85FA /* OAuthViewController.h */ = {isa = PBXFileReference; fileEncoding = 4; lastKnownFileType = sourcecode.c.h; path = OAuthViewController.h; sourceTree = "<group>"; };
		897EE2141CA98849005F85FA /* OAuthViewController.m */ = {isa = PBXFileReference; fileEncoding = 4; lastKnownFileType = sourcecode.c.objc; path = OAuthViewController.m; sourceTree = "<group>"; };
		897EE2161CA9A0DC005F85FA /* QuestionSearchViewController.h */ = {isa = PBXFileReference; fileEncoding = 4; lastKnownFileType = sourcecode.c.h; path = QuestionSearchViewController.h; sourceTree = "<group>"; };
		897EE2171CA9A0DC005F85FA /* QuestionSearchViewController.m */ = {isa = PBXFileReference; fileEncoding = 4; lastKnownFileType = sourcecode.c.objc; path = QuestionSearchViewController.m; sourceTree = "<group>"; };
		897EE2191CA9A0ED005F85FA /* UserSearchViewController.h */ = {isa = PBXFileReference; fileEncoding = 4; lastKnownFileType = sourcecode.c.h; path = UserSearchViewController.h; sourceTree = "<group>"; };
		897EE21A1CA9A0ED005F85FA /* UserSearchViewController.m */ = {isa = PBXFileReference; fileEncoding = 4; lastKnownFileType = sourcecode.c.objc; path = UserSearchViewController.m; sourceTree = "<group>"; };
		897EE21C1CA9A1DD005F85FA /* MenuViewController.h */ = {isa = PBXFileReference; fileEncoding = 4; lastKnownFileType = sourcecode.c.h; path = MenuViewController.h; sourceTree = "<group>"; };
		897EE21D1CA9A1DD005F85FA /* MenuViewController.m */ = {isa = PBXFileReference; fileEncoding = 4; lastKnownFileType = sourcecode.c.objc; path = MenuViewController.m; sourceTree = "<group>"; };
		897EE21F1CA9A273005F85FA /* BurgerContainerController.h */ = {isa = PBXFileReference; fileEncoding = 4; lastKnownFileType = sourcecode.c.h; path = BurgerContainerController.h; sourceTree = "<group>"; };
		897EE2201CA9A273005F85FA /* BurgerContainerController.m */ = {isa = PBXFileReference; fileEncoding = 4; lastKnownFileType = sourcecode.c.objc; path = BurgerContainerController.m; sourceTree = "<group>"; };
		897EE2231CAAF07D005F85FA /* User.h */ = {isa = PBXFileReference; fileEncoding = 4; lastKnownFileType = sourcecode.c.h; path = User.h; sourceTree = "<group>"; };
		897EE2241CAAF07D005F85FA /* User.m */ = {isa = PBXFileReference; fileEncoding = 4; lastKnownFileType = sourcecode.c.objc; path = User.m; sourceTree = "<group>"; };
		897EE2261CAAF1E2005F85FA /* Question.h */ = {isa = PBXFileReference; fileEncoding = 4; lastKnownFileType = sourcecode.c.h; path = Question.h; sourceTree = "<group>"; };
		897EE2271CAAF1E2005F85FA /* Question.m */ = {isa = PBXFileReference; fileEncoding = 4; lastKnownFileType = sourcecode.c.objc; path = Question.m; sourceTree = "<group>"; };
		897EE2291CAAF366005F85FA /* APIService.h */ = {isa = PBXFileReference; fileEncoding = 4; lastKnownFileType = sourcecode.c.h; path = APIService.h; sourceTree = "<group>"; };
		897EE22A1CAAF366005F85FA /* APIService.m */ = {isa = PBXFileReference; fileEncoding = 4; lastKnownFileType = sourcecode.c.objc; path = APIService.m; sourceTree = "<group>"; };
		897EE22C1CAAF55F005F85FA /* StackOverflowService.h */ = {isa = PBXFileReference; fileEncoding = 4; lastKnownFileType = sourcecode.c.h; path = StackOverflowService.h; sourceTree = "<group>"; };
		897EE22D1CAAF55F005F85FA /* StackOverflowService.m */ = {isa = PBXFileReference; fileEncoding = 4; lastKnownFileType = sourcecode.c.objc; path = StackOverflowService.m; sourceTree = "<group>"; };
		897EE2301CAB0A5F005F85FA /* JSONParser.h */ = {isa = PBXFileReference; fileEncoding = 4; lastKnownFileType = sourcecode.c.h; path = JSONParser.h; sourceTree = "<group>"; };
		897EE2311CAB0A5F005F85FA /* JSONParser.m */ = {isa = PBXFileReference; fileEncoding = 4; lastKnownFileType = sourcecode.c.objc; path = JSONParser.m; sourceTree = "<group>"; };
		C0D6A24B9CF2B8C5811782FF /* Pods.debug.xcconfig */ = {isa = PBXFileReference; includeInIndex = 1; lastKnownFileType = text.xcconfig; name = Pods.debug.xcconfig; path = "Pods/Target Support Files/Pods/Pods.debug.xcconfig"; sourceTree = "<group>"; };
		FE4688DA42752709FB056A1F /* Pods.release.xcconfig */ = {isa = PBXFileReference; includeInIndex = 1; lastKnownFileType = text.xcconfig; name = Pods.release.xcconfig; path = "Pods/Target Support Files/Pods/Pods.release.xcconfig"; sourceTree = "<group>"; };
/* End PBXFileReference section */

/* Begin PBXFrameworksBuildPhase section */
		897EE1F31CA9882B005F85FA /* Frameworks */ = {
			isa = PBXFrameworksBuildPhase;
			buildActionMask = 2147483647;
			files = (
				59C5A1ABF7D340762104ED9B /* libPods.a in Frameworks */,
			);
			runOnlyForDeploymentPostprocessing = 0;
		};
/* End PBXFrameworksBuildPhase section */

/* Begin PBXGroup section */
		897EE1ED1CA9882B005F85FA = {
			isa = PBXGroup;
			children = (
				897EE1F81CA9882C005F85FA /* StackOverflowClone */,
				897EE1F71CA9882B005F85FA /* Products */,
				DB0F88A8490669BD82EBCA1D /* Pods */,
				E53C67F06ACD8A86326034D3 /* Frameworks */,
			);
			sourceTree = "<group>";
		};
		897EE1F71CA9882B005F85FA /* Products */ = {
			isa = PBXGroup;
			children = (
				897EE1F61CA9882B005F85FA /* StackOverflowClone.app */,
			);
			name = Products;
			sourceTree = "<group>";
		};
		897EE1F81CA9882C005F85FA /* StackOverflowClone */ = {
			isa = PBXGroup;
			children = (
				897EE1FC1CA9882C005F85FA /* AppDelegate.h */,
				897EE1FD1CA9882C005F85FA /* AppDelegate.m */,
				897EE2221CA9A306005F85FA /* Controllers */,
				897EE2021CA9882C005F85FA /* Main.storyboard */,
				897EE2081CA9882C005F85FA /* Assets.xcassets */,
				897EE20A1CA9882C005F85FA /* LaunchScreen.storyboard */,
				897EE20D1CA9882C005F85FA /* Info.plist */,
				897EE2051CA9882C005F85FA /* StackOverflowClone.xcdatamodeld */,
				897EE1F91CA9882C005F85FA /* Supporting Files */,
				897EE22F1CAAF566005F85FA /* Model */,
				897EE2301CAB0A5F005F85FA /* JSONParser.h */,
				897EE2311CAB0A5F005F85FA /* JSONParser.m */,
			);
			path = StackOverflowClone;
			sourceTree = "<group>";
		};
		897EE1F91CA9882C005F85FA /* Supporting Files */ = {
			isa = PBXGroup;
			children = (
				897EE1FA1CA9882C005F85FA /* main.m */,
			);
			name = "Supporting Files";
			sourceTree = "<group>";
		};
		897EE2221CA9A306005F85FA /* Controllers */ = {
			isa = PBXGroup;
			children = (
				897EE21F1CA9A273005F85FA /* BurgerContainerController.h */,
				897EE2201CA9A273005F85FA /* BurgerContainerController.m */,
				897EE21C1CA9A1DD005F85FA /* MenuViewController.h */,
				897EE21D1CA9A1DD005F85FA /* MenuViewController.m */,
				897EE2131CA98849005F85FA /* OAuthViewController.h */,
				897EE2141CA98849005F85FA /* OAuthViewController.m */,
				897EE2161CA9A0DC005F85FA /* QuestionSearchViewController.h */,
				897EE2171CA9A0DC005F85FA /* QuestionSearchViewController.m */,
				897EE2191CA9A0ED005F85FA /* UserSearchViewController.h */,
				897EE21A1CA9A0ED005F85FA /* UserSearchViewController.m */,
			);
			name = Controllers;
			sourceTree = "<group>";
		};
		897EE22F1CAAF566005F85FA /* Model */ = {
			isa = PBXGroup;
			children = (
				897EE2231CAAF07D005F85FA /* User.h */,
				897EE2241CAAF07D005F85FA /* User.m */,
				897EE2261CAAF1E2005F85FA /* Question.h */,
				897EE2271CAAF1E2005F85FA /* Question.m */,
				897EE2291CAAF366005F85FA /* APIService.h */,
				897EE22A1CAAF366005F85FA /* APIService.m */,
				897EE22C1CAAF55F005F85FA /* StackOverflowService.h */,
				897EE22D1CAAF55F005F85FA /* StackOverflowService.m */,
			);
			name = Model;
			sourceTree = "<group>";
		};
		DB0F88A8490669BD82EBCA1D /* Pods */ = {
			isa = PBXGroup;
			children = (
				C0D6A24B9CF2B8C5811782FF /* Pods.debug.xcconfig */,
				FE4688DA42752709FB056A1F /* Pods.release.xcconfig */,
			);
			name = Pods;
			sourceTree = "<group>";
		};
		E53C67F06ACD8A86326034D3 /* Frameworks */ = {
			isa = PBXGroup;
			children = (
				338D13E152C53B2C5F2F2D2B /* libPods.a */,
			);
			name = Frameworks;
			sourceTree = "<group>";
		};
/* End PBXGroup section */

/* Begin PBXNativeTarget section */
		897EE1F51CA9882B005F85FA /* StackOverflowClone */ = {
			isa = PBXNativeTarget;
			buildConfigurationList = 897EE2101CA9882C005F85FA /* Build configuration list for PBXNativeTarget "StackOverflowClone" */;
			buildPhases = (
				AAF015B5620F1376E6B48F77 /* Check Pods Manifest.lock */,
				897EE1F21CA9882B005F85FA /* Sources */,
				897EE1F31CA9882B005F85FA /* Frameworks */,
				897EE1F41CA9882B005F85FA /* Resources */,
				04535B2790A06A2FED24A8ED /* Embed Pods Frameworks */,
				7A68F8195409A77AC1EC4E6D /* Copy Pods Resources */,
			);
			buildRules = (
			);
			dependencies = (
			);
			name = StackOverflowClone;
			productName = StackOverflowClone;
			productReference = 897EE1F61CA9882B005F85FA /* StackOverflowClone.app */;
			productType = "com.apple.product-type.application";
		};
/* End PBXNativeTarget section */

/* Begin PBXProject section */
		897EE1EE1CA9882B005F85FA /* Project object */ = {
			isa = PBXProject;
			attributes = {
				LastUpgradeCheck = 0720;
				ORGANIZATIONNAME = "Lauren Spatz";
				TargetAttributes = {
					897EE1F51CA9882B005F85FA = {
						CreatedOnToolsVersion = 7.2.1;
					};
				};
			};
			buildConfigurationList = 897EE1F11CA9882B005F85FA /* Build configuration list for PBXProject "StackOverflowClone" */;
			compatibilityVersion = "Xcode 3.2";
			developmentRegion = English;
			hasScannedForEncodings = 0;
			knownRegions = (
				en,
				Base,
			);
			mainGroup = 897EE1ED1CA9882B005F85FA;
			productRefGroup = 897EE1F71CA9882B005F85FA /* Products */;
			projectDirPath = "";
			projectRoot = "";
			targets = (
				897EE1F51CA9882B005F85FA /* StackOverflowClone */,
			);
		};
/* End PBXProject section */

/* Begin PBXResourcesBuildPhase section */
		897EE1F41CA9882B005F85FA /* Resources */ = {
			isa = PBXResourcesBuildPhase;
			buildActionMask = 2147483647;
			files = (
				897EE20C1CA9882C005F85FA /* LaunchScreen.storyboard in Resources */,
				897EE2091CA9882C005F85FA /* Assets.xcassets in Resources */,
				897EE2041CA9882C005F85FA /* Main.storyboard in Resources */,
			);
			runOnlyForDeploymentPostprocessing = 0;
		};
/* End PBXResourcesBuildPhase section */

/* Begin PBXShellScriptBuildPhase section */
		04535B2790A06A2FED24A8ED /* Embed Pods Frameworks */ = {
			isa = PBXShellScriptBuildPhase;
			buildActionMask = 2147483647;
			files = (
			);
			inputPaths = (
			);
			name = "Embed Pods Frameworks";
			outputPaths = (
			);
			runOnlyForDeploymentPostprocessing = 0;
			shellPath = /bin/sh;
			shellScript = "\"${SRCROOT}/Pods/Target Support Files/Pods/Pods-frameworks.sh\"\n";
			showEnvVarsInLog = 0;
		};
		7A68F8195409A77AC1EC4E6D /* Copy Pods Resources */ = {
			isa = PBXShellScriptBuildPhase;
			buildActionMask = 2147483647;
			files = (
			);
			inputPaths = (
			);
			name = "Copy Pods Resources";
			outputPaths = (
			);
			runOnlyForDeploymentPostprocessing = 0;
			shellPath = /bin/sh;
			shellScript = "\"${SRCROOT}/Pods/Target Support Files/Pods/Pods-resources.sh\"\n";
			showEnvVarsInLog = 0;
		};
		AAF015B5620F1376E6B48F77 /* Check Pods Manifest.lock */ = {
			isa = PBXShellScriptBuildPhase;
			buildActionMask = 2147483647;
			files = (
			);
			inputPaths = (
			);
			name = "Check Pods Manifest.lock";
			outputPaths = (
			);
			runOnlyForDeploymentPostprocessing = 0;
			shellPath = /bin/sh;
			shellScript = "diff \"${PODS_ROOT}/../Podfile.lock\" \"${PODS_ROOT}/Manifest.lock\" > /dev/null\nif [[ $? != 0 ]] ; then\n    cat << EOM\nerror: The sandbox is not in sync with the Podfile.lock. Run 'pod install' or update your CocoaPods installation.\nEOM\n    exit 1\nfi\n";
			showEnvVarsInLog = 0;
		};
/* End PBXShellScriptBuildPhase section */

/* Begin PBXSourcesBuildPhase section */
		897EE1F21CA9882B005F85FA /* Sources */ = {
			isa = PBXSourcesBuildPhase;
			buildActionMask = 2147483647;
			files = (
				897EE2321CAB0A5F005F85FA /* JSONParser.m in Sources */,
				897EE2251CAAF07D005F85FA /* User.m in Sources */,
				897EE2181CA9A0DC005F85FA /* QuestionSearchViewController.m in Sources */,
				897EE2211CA9A273005F85FA /* BurgerContainerController.m in Sources */,
				897EE1FE1CA9882C005F85FA /* AppDelegate.m in Sources */,
				897EE21E1CA9A1DD005F85FA /* MenuViewController.m in Sources */,
				897EE22B1CAAF366005F85FA /* APIService.m in Sources */,
				897EE2071CA9882C005F85FA /* StackOverflowClone.xcdatamodeld in Sources */,
				897EE21B1CA9A0ED005F85FA /* UserSearchViewController.m in Sources */,
				897EE2281CAAF1E2005F85FA /* Question.m in Sources */,
				897EE22E1CAAF55F005F85FA /* StackOverflowService.m in Sources */,
				897EE1FB1CA9882C005F85FA /* main.m in Sources */,
				897EE2151CA98849005F85FA /* OAuthViewController.m in Sources */,
			);
			runOnlyForDeploymentPostprocessing = 0;
		};
/* End PBXSourcesBuildPhase section */

/* Begin PBXVariantGroup section */
		897EE2021CA9882C005F85FA /* Main.storyboard */ = {
			isa = PBXVariantGroup;
			children = (
				897EE2031CA9882C005F85FA /* Base */,
			);
			name = Main.storyboard;
			sourceTree = "<group>";
		};
		897EE20A1CA9882C005F85FA /* LaunchScreen.storyboard */ = {
			isa = PBXVariantGroup;
			children = (
				897EE20B1CA9882C005F85FA /* Base */,
			);
			name = LaunchScreen.storyboard;
			sourceTree = "<group>";
		};
/* End PBXVariantGroup section */

/* Begin XCBuildConfiguration section */
		897EE20E1CA9882C005F85FA /* Debug */ = {
			isa = XCBuildConfiguration;
			buildSettings = {
				ALWAYS_SEARCH_USER_PATHS = NO;
				CLANG_CXX_LANGUAGE_STANDARD = "gnu++0x";
				CLANG_CXX_LIBRARY = "libc++";
				CLANG_ENABLE_MODULES = YES;
				CLANG_ENABLE_OBJC_ARC = YES;
				CLANG_WARN_BOOL_CONVERSION = YES;
				CLANG_WARN_CONSTANT_CONVERSION = YES;
				CLANG_WARN_DIRECT_OBJC_ISA_USAGE = YES_ERROR;
				CLANG_WARN_EMPTY_BODY = YES;
				CLANG_WARN_ENUM_CONVERSION = YES;
				CLANG_WARN_INT_CONVERSION = YES;
				CLANG_WARN_OBJC_ROOT_CLASS = YES_ERROR;
				CLANG_WARN_UNREACHABLE_CODE = YES;
				CLANG_WARN__DUPLICATE_METHOD_MATCH = YES;
				"CODE_SIGN_IDENTITY[sdk=iphoneos*]" = "iPhone Developer";
				COPY_PHASE_STRIP = NO;
				DEBUG_INFORMATION_FORMAT = dwarf;
				ENABLE_STRICT_OBJC_MSGSEND = YES;
				ENABLE_TESTABILITY = YES;
				GCC_C_LANGUAGE_STANDARD = gnu99;
				GCC_DYNAMIC_NO_PIC = NO;
				GCC_NO_COMMON_BLOCKS = YES;
				GCC_OPTIMIZATION_LEVEL = 0;
				GCC_PREPROCESSOR_DEFINITIONS = (
					"DEBUG=1",
					"$(inherited)",
				);
				GCC_WARN_64_TO_32_BIT_CONVERSION = YES;
				GCC_WARN_ABOUT_RETURN_TYPE = YES_ERROR;
				GCC_WARN_UNDECLARED_SELECTOR = YES;
				GCC_WARN_UNINITIALIZED_AUTOS = YES_AGGRESSIVE;
				GCC_WARN_UNUSED_FUNCTION = YES;
				GCC_WARN_UNUSED_VARIABLE = YES;
				IPHONEOS_DEPLOYMENT_TARGET = 9.2;
				MTL_ENABLE_DEBUG_INFO = YES;
				ONLY_ACTIVE_ARCH = YES;
				SDKROOT = iphoneos;
				TARGETED_DEVICE_FAMILY = "1,2";
			};
			name = Debug;
		};
		897EE20F1CA9882C005F85FA /* Release */ = {
			isa = XCBuildConfiguration;
			buildSettings = {
				ALWAYS_SEARCH_USER_PATHS = NO;
				CLANG_CXX_LANGUAGE_STANDARD = "gnu++0x";
				CLANG_CXX_LIBRARY = "libc++";
				CLANG_ENABLE_MODULES = YES;
				CLANG_ENABLE_OBJC_ARC = YES;
				CLANG_WARN_BOOL_CONVERSION = YES;
				CLANG_WARN_CONSTANT_CONVERSION = YES;
				CLANG_WARN_DIRECT_OBJC_ISA_USAGE = YES_ERROR;
				CLANG_WARN_EMPTY_BODY = YES;
				CLANG_WARN_ENUM_CONVERSION = YES;
				CLANG_WARN_INT_CONVERSION = YES;
				CLANG_WARN_OBJC_ROOT_CLASS = YES_ERROR;
				CLANG_WARN_UNREACHABLE_CODE = YES;
				CLANG_WARN__DUPLICATE_METHOD_MATCH = YES;
				"CODE_SIGN_IDENTITY[sdk=iphoneos*]" = "iPhone Developer";
				COPY_PHASE_STRIP = NO;
				DEBUG_INFORMATION_FORMAT = "dwarf-with-dsym";
				ENABLE_NS_ASSERTIONS = NO;
				ENABLE_STRICT_OBJC_MSGSEND = YES;
				GCC_C_LANGUAGE_STANDARD = gnu99;
				GCC_NO_COMMON_BLOCKS = YES;
				GCC_WARN_64_TO_32_BIT_CONVERSION = YES;
				GCC_WARN_ABOUT_RETURN_TYPE = YES_ERROR;
				GCC_WARN_UNDECLARED_SELECTOR = YES;
				GCC_WARN_UNINITIALIZED_AUTOS = YES_AGGRESSIVE;
				GCC_WARN_UNUSED_FUNCTION = YES;
				GCC_WARN_UNUSED_VARIABLE = YES;
				IPHONEOS_DEPLOYMENT_TARGET = 9.2;
				MTL_ENABLE_DEBUG_INFO = NO;
				SDKROOT = iphoneos;
				TARGETED_DEVICE_FAMILY = "1,2";
				VALIDATE_PRODUCT = YES;
			};
			name = Release;
		};
		897EE2111CA9882C005F85FA /* Debug */ = {
			isa = XCBuildConfiguration;
			baseConfigurationReference = C0D6A24B9CF2B8C5811782FF /* Pods.debug.xcconfig */;
			buildSettings = {
				ASSETCATALOG_COMPILER_APPICON_NAME = AppIcon;
				INFOPLIST_FILE = StackOverflowClone/Info.plist;
				LD_RUNPATH_SEARCH_PATHS = "$(inherited) @executable_path/Frameworks";
				PRODUCT_BUNDLE_IDENTIFIER = com.laurenspatz.StackOverflowClone;
				PRODUCT_NAME = "$(TARGET_NAME)";
			};
			name = Debug;
		};
		897EE2121CA9882C005F85FA /* Release */ = {
			isa = XCBuildConfiguration;
			baseConfigurationReference = FE4688DA42752709FB056A1F /* Pods.release.xcconfig */;
			buildSettings = {
				ASSETCATALOG_COMPILER_APPICON_NAME = AppIcon;
				INFOPLIST_FILE = StackOverflowClone/Info.plist;
				LD_RUNPATH_SEARCH_PATHS = "$(inherited) @executable_path/Frameworks";
				PRODUCT_BUNDLE_IDENTIFIER = com.laurenspatz.StackOverflowClone;
				PRODUCT_NAME = "$(TARGET_NAME)";
			};
			name = Release;
		};
/* End XCBuildConfiguration section */

/* Begin XCConfigurationList section */
		897EE1F11CA9882B005F85FA /* Build configuration list for PBXProject "StackOverflowClone" */ = {
			isa = XCConfigurationList;
			buildConfigurations = (
				897EE20E1CA9882C005F85FA /* Debug */,
				897EE20F1CA9882C005F85FA /* Release */,
			);
			defaultConfigurationIsVisible = 0;
			defaultConfigurationName = Release;
		};
		897EE2101CA9882C005F85FA /* Build configuration list for PBXNativeTarget "StackOverflowClone" */ = {
			isa = XCConfigurationList;
			buildConfigurations = (
				897EE2111CA9882C005F85FA /* Debug */,
				897EE2121CA9882C005F85FA /* Release */,
			);
			defaultConfigurationIsVisible = 0;
			defaultConfigurationName = Release;
		};
/* End XCConfigurationList section */

/* Begin XCVersionGroup section */
		897EE2051CA9882C005F85FA /* StackOverflowClone.xcdatamodeld */ = {
			isa = XCVersionGroup;
			children = (
				897EE2061CA9882C005F85FA /* StackOverflowClone.xcdatamodel */,
			);
			currentVersion = 897EE2061CA9882C005F85FA /* StackOverflowClone.xcdatamodel */;
			path = StackOverflowClone.xcdatamodeld;
			sourceTree = "<group>";
			versionGroupType = wrapper.xcdatamodel;
		};
/* End XCVersionGroup section */
	};
	rootObject = 897EE1EE1CA9882B005F85FA /* Project object */;
}
